
Microsoft Visual Studio Solution File, Format Version 12.00
# Visual Studio Version 16
VisualStudioVersion = 16.0.29806.167
MinimumVisualStudioVersion = 10.0.40219.1
Project("{FAE04EC0-301F-11D3-BF4B-00C04F79EFBC}") = "KvadroUserApplication", "KvadroUserApplication\KvadroUserApplication.csproj", "{A353B546-ECC4-4127-8E62-5595D90A307D}"
EndProject
Global
	GlobalSection(SolutionConfigurationPlatforms) = preSolution
		Debug|Any CPU = Debug|Any CPU
		Release|Any CPU = Release|Any CPU
	EndGlobalSection
	GlobalSection(ProjectConfigurationPlatforms) = postSolution
		{A353B546-ECC4-4127-8E62-5595D90A307D}.Debug|Any CPU.ActiveCfg = Debug|Any CPU
		{A353B546-ECC4-4127-8E62-5595D90A307D}.Debug|Any CPU.Build.0 = Debug|Any CPU
		{A353B546-ECC4-4127-8E62-5595D90A307D}.Release|Any CPU.ActiveCfg = Release|Any CPU
		{A353B546-ECC4-4127-8E62-5595D90A307D}.Release|Any CPU.Build.0 = Release|Any CPU
	EndGlobalSection
	GlobalSection(SolutionProperties) = preSolution
		HideSolutionNode = FALSE
	EndGlobalSection
	GlobalSection(ExtensibilityGlobals) = postSolution
		SolutionGuid = {EAEB666B-21E1-48BF-B20B-5AFB3A7E89FB}
	EndGlobalSection
EndGlobal
